
Microsoft Visual Studio Solution File, Format Version 12.00
# Visual Studio Version 16
VisualStudioVersion = 16.0.33328.57
MinimumVisualStudioVersion = 10.0.40219.1
Project("{FAE04EC0-301F-11D3-BF4B-00C04F79EFBC}") = "Lec10_DelegateEvent", "Lec10_DelegateEvent\Lec10_DelegateEvent.csproj", "{34D9A395-085D-4F1D-94D2-93008641BACC}"
EndProject
Global
	GlobalSection(SolutionConfigurationPlatforms) = preSolution
		Debug|Any CPU = Debug|Any CPU
		Release|Any CPU = Release|Any CPU
	EndGlobalSection
	GlobalSection(ProjectConfigurationPlatforms) = postSolution
		{34D9A395-085D-4F1D-94D2-93008641BACC}.Debug|Any CPU.ActiveCfg = Debug|Any CPU
		{34D9A395-085D-4F1D-94D2-93008641BACC}.Debug|Any CPU.Build.0 = Debug|Any CPU
		{34D9A395-085D-4F1D-94D2-93008641BACC}.Release|Any CPU.ActiveCfg = Release|Any CPU
		{34D9A395-085D-4F1D-94D2-93008641BACC}.Release|Any CPU.Build.0 = Release|Any CPU
	EndGlobalSection
	GlobalSection(SolutionProperties) = preSolution
		HideSolutionNode = FALSE
	EndGlobalSection
	GlobalSection(ExtensibilityGlobals) = postSolution
		SolutionGuid = {1359FD0D-671F-4C60-8560-B6D926F18126}
	EndGlobalSection
EndGlobal
